
Microsoft Visual Studio Solution File, Format Version 11.00
# Visual Studio 2010
Project("{8BC9CEB8-8B4A-11D0-8D11-00A0C91BC942}") = "SFFT_OFDM_2D", "SFFT_OFDM_2D.vcxproj", "{D5D3D6A4-E60A-7FD3-1490-538435669E52}"
EndProject
Project("{8BC9CEB8-8B4A-11D0-8D11-00A0C91BC942}") = "TestSfftOfdm", "..\..\Test\TestSfftOfdm.vcxproj", "{C7F2658D-0683-F6C8-449F-10CA263BCA68}"
EndProject
Project("{8BC9CEB8-8B4A-11D0-8D11-00A0C91BC942}") = "TestGaussByDims", "..\TestGaussByDims\TestGaussByDims.vcxproj", "{EBB70981-E5D0-4EE9-9DF9-C92D8E61A418}"
EndProject
Global
	GlobalSection(SolutionConfigurationPlatforms) = preSolution
		Debug|Win32 = Debug|Win32
		Release|Win32 = Release|Win32
	EndGlobalSection
	GlobalSection(ProjectConfigurationPlatforms) = postSolution
		{D5D3D6A4-E60A-7FD3-1490-538435669E52}.Debug|Win32.ActiveCfg = Debug|Win32
		{D5D3D6A4-E60A-7FD3-1490-538435669E52}.Debug|Win32.Build.0 = Debug|Win32
		{D5D3D6A4-E60A-7FD3-1490-538435669E52}.Release|Win32.ActiveCfg = Release|Win32
		{D5D3D6A4-E60A-7FD3-1490-538435669E52}.Release|Win32.Build.0 = Release|Win32
		{C7F2658D-0683-F6C8-449F-10CA263BCA68}.Debug|Win32.ActiveCfg = Debug|Win32
		{C7F2658D-0683-F6C8-449F-10CA263BCA68}.Debug|Win32.Build.0 = Debug|Win32
		{C7F2658D-0683-F6C8-449F-10CA263BCA68}.Release|Win32.ActiveCfg = Release|Win32
		{C7F2658D-0683-F6C8-449F-10CA263BCA68}.Release|Win32.Build.0 = Release|Win32
		{EBB70981-E5D0-4EE9-9DF9-C92D8E61A418}.Debug|Win32.ActiveCfg = Debug|Win32
		{EBB70981-E5D0-4EE9-9DF9-C92D8E61A418}.Debug|Win32.Build.0 = Debug|Win32
		{EBB70981-E5D0-4EE9-9DF9-C92D8E61A418}.Release|Win32.ActiveCfg = Release|Win32
		{EBB70981-E5D0-4EE9-9DF9-C92D8E61A418}.Release|Win32.Build.0 = Release|Win32
	EndGlobalSection
	GlobalSection(SolutionProperties) = preSolution
		HideSolutionNode = FALSE
	EndGlobalSection
EndGlobal
